
Microsoft Visual Studio Solution File, Format Version 12.00
# Visual Studio Version 16
VisualStudioVersion = 16.0.34931.43
MinimumVisualStudioVersion = 10.0.40219.1
Project("{FAE04EC0-301F-11D3-BF4B-00C04F79EFBC}") = "BSR_Server", "BSR_Server\BSR_Server.csproj", "{4F9F642B-3E6E-4B2D-8145-8D5798EA2461}"
EndProject
Project("{FAE04EC0-301F-11D3-BF4B-00C04F79EFBC}") = "BSR_Client", "BSR_Client\BSR_Client.csproj", "{C28FB19E-FF98-4324-955A-638EF6815819}"
EndProject
Global
	GlobalSection(SolutionConfigurationPlatforms) = preSolution
		Debug|Any CPU = Debug|Any CPU
		Release|Any CPU = Release|Any CPU
	EndGlobalSection
	GlobalSection(ProjectConfigurationPlatforms) = postSolution
		{4F9F642B-3E6E-4B2D-8145-8D5798EA2461}.Debug|Any CPU.ActiveCfg = Debug|Any CPU
		{4F9F642B-3E6E-4B2D-8145-8D5798EA2461}.Debug|Any CPU.Build.0 = Debug|Any CPU
		{4F9F642B-3E6E-4B2D-8145-8D5798EA2461}.Release|Any CPU.ActiveCfg = Release|Any CPU
		{4F9F642B-3E6E-4B2D-8145-8D5798EA2461}.Release|Any CPU.Build.0 = Release|Any CPU
		{C28FB19E-FF98-4324-955A-638EF6815819}.Debug|Any CPU.ActiveCfg = Debug|Any CPU
		{C28FB19E-FF98-4324-955A-638EF6815819}.Debug|Any CPU.Build.0 = Debug|Any CPU
		{C28FB19E-FF98-4324-955A-638EF6815819}.Release|Any CPU.ActiveCfg = Release|Any CPU
		{C28FB19E-FF98-4324-955A-638EF6815819}.Release|Any CPU.Build.0 = Release|Any CPU
	EndGlobalSection
	GlobalSection(SolutionProperties) = preSolution
		HideSolutionNode = FALSE
	EndGlobalSection
	GlobalSection(ExtensibilityGlobals) = postSolution
		SolutionGuid = {B93BD00A-9594-4C57-8077-602C87E3C528}
	EndGlobalSection
EndGlobal
